{
  "requires": true,
  "lockfileVersion": 1,
  "dependencies": {
    "cytoscape-klay": {
      "version": "3.1.3",
      "resolved": "https://registry.npmjs.org/cytoscape-klay/-/cytoscape-klay-3.1.3.tgz",
      "integrity": "sha512-Bq6WQRum5nojcOH1QGGihPoI5QRNJwxBlLAjpTYjNallZg3oH9/4o0a8jdUG9LIqSc1IDKFSHP2qylm7RURxxw==",
      "requires": {
        "klayjs": "^0.4.1"
      }
    },
    "cytoscape-node-html-label": {
      "version": "1.1.5",
      "resolved": "https://registry.npmjs.org/cytoscape-node-html-label/-/cytoscape-node-html-label-1.1.5.tgz",
      "integrity": "sha512-ztclrtuinJdJ0KwKTmd7Dgmqw+0WWXdZpRmxLUYU56DHIVek7Ma5Eh4FTGht0iyQUOakAPM0aZv3A4ifwMTW2Q=="
    },
    "klayjs": {
      "version": "0.4.1",
      "resolved": "https://registry.npmjs.org/klayjs/-/klayjs-0.4.1.tgz",
      "integrity": "sha1-W/n63Ho+RLlAgrulAefYAwdtz8I="
    },
    "vue": {
      "version": "2.6.11",
      "resolved": "https://registry.npmjs.org/vue/-/vue-2.6.11.tgz",
      "integrity": "sha512-VfPwgcGABbGAue9+sfrD4PuwFar7gPb1yl1UK1MwXoQPAw0BKSqWfoYCT/ThFrdEVWoI51dBuyCoiNU9bZDZxQ=="
    }
  }
}
